
Microsoft Visual Studio Solution File, Format Version 12.00
# Visual Studio 15
VisualStudioVersion = 15.0.28307.902
MinimumVisualStudioVersion = 10.0.40219.1
Project("{9A19103F-16F7-4668-BE54-9A1E7A4F7556}") = "ToDo", "ToDo\ToDo.csproj", "{36A5EEA9-A0A5-4278-88E0-5349B4812F00}"
EndProject
Project("{9A19103F-16F7-4668-BE54-9A1E7A4F7556}") = "Common", "Common\Common.csproj", "{54E31E11-7E6D-48F3-889F-ADC542B49FA6}"
EndProject
Project("{9A19103F-16F7-4668-BE54-9A1E7A4F7556}") = "ToDo.UnitTests", "ToDo.UnitTests\ToDo.UnitTests.csproj", "{1F25C3DE-1FE7-40BE-A687-B70D5E78D030}"
EndProject
Project("{FAE04EC0-301F-11D3-BF4B-00C04F79EFBC}") = "ToDo.RazorPages", "ToDo.RazorPages\ToDo.RazorPages.csproj", "{186DF36A-5468-4DC2-B162-3CA7712A1582}"
EndProject
Project("{FAE04EC0-301F-11D3-BF4B-00C04F79EFBC}") = "ToDo.Mvc", "ToDo.Mvc\ToDo.Mvc.csproj", "{94C8F83B-A5D5-45CB-8DD6-E7A79BBA1EA5}"
EndProject
Project("{FAE04EC0-301F-11D3-BF4B-00C04F79EFBC}") = "ToDo.Api", "ToDo.Api\ToDo.Api.csproj", "{650B7D45-41AE-4E93-92B3-D8D56F6DE9AD}"
EndProject
Global
	GlobalSection(SolutionConfigurationPlatforms) = preSolution
		Debug|Any CPU = Debug|Any CPU
		Release|Any CPU = Release|Any CPU
	EndGlobalSection
	GlobalSection(ProjectConfigurationPlatforms) = postSolution
		{36A5EEA9-A0A5-4278-88E0-5349B4812F00}.Debug|Any CPU.ActiveCfg = Debug|Any CPU
		{36A5EEA9-A0A5-4278-88E0-5349B4812F00}.Debug|Any CPU.Build.0 = Debug|Any CPU
		{36A5EEA9-A0A5-4278-88E0-5349B4812F00}.Release|Any CPU.ActiveCfg = Release|Any CPU
		{36A5EEA9-A0A5-4278-88E0-5349B4812F00}.Release|Any CPU.Build.0 = Release|Any CPU
		{54E31E11-7E6D-48F3-889F-ADC542B49FA6}.Debug|Any CPU.ActiveCfg = Debug|Any CPU
		{54E31E11-7E6D-48F3-889F-ADC542B49FA6}.Debug|Any CPU.Build.0 = Debug|Any CPU
		{54E31E11-7E6D-48F3-889F-ADC542B49FA6}.Release|Any CPU.ActiveCfg = Release|Any CPU
		{54E31E11-7E6D-48F3-889F-ADC542B49FA6}.Release|Any CPU.Build.0 = Release|Any CPU
		{1F25C3DE-1FE7-40BE-A687-B70D5E78D030}.Debug|Any CPU.ActiveCfg = Debug|Any CPU
		{1F25C3DE-1FE7-40BE-A687-B70D5E78D030}.Debug|Any CPU.Build.0 = Debug|Any CPU
		{1F25C3DE-1FE7-40BE-A687-B70D5E78D030}.Release|Any CPU.ActiveCfg = Release|Any CPU
		{1F25C3DE-1FE7-40BE-A687-B70D5E78D030}.Release|Any CPU.Build.0 = Release|Any CPU
		{186DF36A-5468-4DC2-B162-3CA7712A1582}.Debug|Any CPU.ActiveCfg = Debug|Any CPU
		{186DF36A-5468-4DC2-B162-3CA7712A1582}.Debug|Any CPU.Build.0 = Debug|Any CPU
		{186DF36A-5468-4DC2-B162-3CA7712A1582}.Release|Any CPU.ActiveCfg = Release|Any CPU
		{186DF36A-5468-4DC2-B162-3CA7712A1582}.Release|Any CPU.Build.0 = Release|Any CPU
		{94C8F83B-A5D5-45CB-8DD6-E7A79BBA1EA5}.Debug|Any CPU.ActiveCfg = Debug|Any CPU
		{94C8F83B-A5D5-45CB-8DD6-E7A79BBA1EA5}.Debug|Any CPU.Build.0 = Debug|Any CPU
		{94C8F83B-A5D5-45CB-8DD6-E7A79BBA1EA5}.Release|Any CPU.ActiveCfg = Release|Any CPU
		{94C8F83B-A5D5-45CB-8DD6-E7A79BBA1EA5}.Release|Any CPU.Build.0 = Release|Any CPU
		{650B7D45-41AE-4E93-92B3-D8D56F6DE9AD}.Debug|Any CPU.ActiveCfg = Debug|Any CPU
		{650B7D45-41AE-4E93-92B3-D8D56F6DE9AD}.Debug|Any CPU.Build.0 = Debug|Any CPU
		{650B7D45-41AE-4E93-92B3-D8D56F6DE9AD}.Release|Any CPU.ActiveCfg = Release|Any CPU
		{650B7D45-41AE-4E93-92B3-D8D56F6DE9AD}.Release|Any CPU.Build.0 = Release|Any CPU
	EndGlobalSection
	GlobalSection(SolutionProperties) = preSolution
		HideSolutionNode = FALSE
	EndGlobalSection
	GlobalSection(ExtensibilityGlobals) = postSolution
		SolutionGuid = {39929412-546A-4F00-85B6-14BECFB8F05E}
	EndGlobalSection
EndGlobal
